
Microsoft Visual Studio Solution File, Format Version 12.00
# Visual Studio Version 17
VisualStudioVersion = 17.4.33213.308
MinimumVisualStudioVersion = 10.0.40219.1
Project("{FAE04EC0-301F-11D3-BF4B-00C04F79EFBC}") = "ExcelGenerator", "ExcelGenerator.csproj", "{1A0CA27A-111C-4CB2-B0D9-A4A1926A6694}"
EndProject
Global
	GlobalSection(SolutionConfigurationPlatforms) = preSolution
		Debug|Any CPU = Debug|Any CPU
		Release|Any CPU = Release|Any CPU
	EndGlobalSection
	GlobalSection(ProjectConfigurationPlatforms) = postSolution
		{1A0CA27A-111C-4CB2-B0D9-A4A1926A6694}.Debug|Any CPU.ActiveCfg = Debug|Any CPU
		{1A0CA27A-111C-4CB2-B0D9-A4A1926A6694}.Debug|Any CPU.Build.0 = Debug|Any CPU
		{1A0CA27A-111C-4CB2-B0D9-A4A1926A6694}.Release|Any CPU.ActiveCfg = Release|Any CPU
		{1A0CA27A-111C-4CB2-B0D9-A4A1926A6694}.Release|Any CPU.Build.0 = Release|Any CPU
	EndGlobalSection
	GlobalSection(SolutionProperties) = preSolution
		HideSolutionNode = FALSE
	EndGlobalSection
	GlobalSection(ExtensibilityGlobals) = postSolution
		SolutionGuid = {3F03AD90-15B2-4F85-B266-6CD691E58D6B}
	EndGlobalSection
EndGlobal
